
Microsoft Visual Studio Solution File, Format Version 12.00
# Visual Studio Version 16
VisualStudioVersion = 16.0.30114.105
MinimumVisualStudioVersion = 10.0.40219.1
Project("{8BC9CEB8-8B4A-11D0-8D11-00A0C91BC942}") = "BossEngine", "BossEngine\BossEngine.vcxproj", "{E9BBBCDA-BF13-49BB-8A8F-B87BFF78F5D3}"
EndProject
Project("{8BC9CEB8-8B4A-11D0-8D11-00A0C91BC942}") = "Game", "Game\Game.vcxproj", "{9E9AF9E3-E6FD-4E4E-B872-C578E8E0E432}"
EndProject
Global
	GlobalSection(SolutionConfigurationPlatforms) = preSolution
		Debug|x64 = Debug|x64
		Release|x64 = Release|x64
	EndGlobalSection
	GlobalSection(ProjectConfigurationPlatforms) = postSolution
		{E9BBBCDA-BF13-49BB-8A8F-B87BFF78F5D3}.Debug|x64.ActiveCfg = Debug|x64
		{E9BBBCDA-BF13-49BB-8A8F-B87BFF78F5D3}.Debug|x64.Build.0 = Debug|x64
		{E9BBBCDA-BF13-49BB-8A8F-B87BFF78F5D3}.Release|x64.ActiveCfg = Release|x64
		{E9BBBCDA-BF13-49BB-8A8F-B87BFF78F5D3}.Release|x64.Build.0 = Release|x64
		{9E9AF9E3-E6FD-4E4E-B872-C578E8E0E432}.Debug|x64.ActiveCfg = Debug|x64
		{9E9AF9E3-E6FD-4E4E-B872-C578E8E0E432}.Debug|x64.Build.0 = Debug|x64
		{9E9AF9E3-E6FD-4E4E-B872-C578E8E0E432}.Release|x64.ActiveCfg = Release|x64
		{9E9AF9E3-E6FD-4E4E-B872-C578E8E0E432}.Release|x64.Build.0 = Release|x64
	EndGlobalSection
	GlobalSection(SolutionProperties) = preSolution
		HideSolutionNode = FALSE
	EndGlobalSection
	GlobalSection(ExtensibilityGlobals) = postSolution
		SolutionGuid = {93E85639-AAA2-4368-B3E5-BDDBE64D5E5A}
	EndGlobalSection
EndGlobal
